
Microsoft Visual Studio Solution File, Format Version 12.00
# Visual Studio Version 17
VisualStudioVersion = 17.5.33530.505
MinimumVisualStudioVersion = 10.0.40219.1
Project("{FAE04EC0-301F-11D3-BF4B-00C04F79EFBC}") = "PresentacionFinal", "PresentacionFinal\PresentacionFinal.csproj", "{49AE7BF3-0198-4F88-A136-0C318EC69679}"
EndProject
Global
	GlobalSection(SolutionConfigurationPlatforms) = preSolution
		Debug|Any CPU = Debug|Any CPU
		Release|Any CPU = Release|Any CPU
	EndGlobalSection
	GlobalSection(ProjectConfigurationPlatforms) = postSolution
		{49AE7BF3-0198-4F88-A136-0C318EC69679}.Debug|Any CPU.ActiveCfg = Debug|Any CPU
		{49AE7BF3-0198-4F88-A136-0C318EC69679}.Debug|Any CPU.Build.0 = Debug|Any CPU
		{49AE7BF3-0198-4F88-A136-0C318EC69679}.Release|Any CPU.ActiveCfg = Release|Any CPU
		{49AE7BF3-0198-4F88-A136-0C318EC69679}.Release|Any CPU.Build.0 = Release|Any CPU
	EndGlobalSection
	GlobalSection(SolutionProperties) = preSolution
		HideSolutionNode = FALSE
	EndGlobalSection
	GlobalSection(ExtensibilityGlobals) = postSolution
		SolutionGuid = {D8FA1D76-C5EA-437E-A4F6-276C3E5397B0}
	EndGlobalSection
EndGlobal
